// !$*UTF8*$!
{
	archiveVersion = 1;
	classes = {
	};
	objectVersion = 46;
	objects = {

/* Begin PBXBuildFile section */
		9591680B191B8147001A0A44 /* libglfw.a in Frameworks */ = {isa = PBXBuildFile; fileRef = 9591680A191B8147001A0A44 /* libglfw.a */; };
		9591680F191B817C001A0A44 /* glew.c in Sources */ = {isa = PBXBuildFile; fileRef = 9591680E191B817C001A0A44 /* glew.c */; };
		95916810191B83D1001A0A44 /* fragment-shader.txt in CopyFiles */ = {isa = PBXBuildFile; fileRef = 95F74DCF191B784700384CFF /* fragment-shader.txt */; };
		95916811191B83D5001A0A44 /* vertex-shader.txt in CopyFiles */ = {isa = PBXBuildFile; fileRef = 95F74DD0191B784700384CFF /* vertex-shader.txt */; };
		95916812191B83D8001A0A44 /* wooden-crate.jpg in CopyFiles */ = {isa = PBXBuildFile; fileRef = 95F74DD1191B784700384CFF /* wooden-crate.jpg */; };
		95916815191B92D6001A0A44 /* rangeterrain.cpp in Sources */ = {isa = PBXBuildFile; fileRef = 95916814191B92D6001A0A44 /* rangeterrain.cpp */; };
		95F7507C191B784900384CFF /* main.mm in Sources */ = {isa = PBXBuildFile; fileRef = 95F74DD3191B784700384CFF /* main.mm */; };
		95F7507D191B784900384CFF /* Bitmap.cpp in Sources */ = {isa = PBXBuildFile; fileRef = 95F74DD5191B784700384CFF /* Bitmap.cpp */; };
		95F7507E191B784900384CFF /* Camera.cpp in Sources */ = {isa = PBXBuildFile; fileRef = 95F74DD7191B784700384CFF /* Camera.cpp */; };
		95F7507F191B784900384CFF /* Program.cpp in Sources */ = {isa = PBXBuildFile; fileRef = 95F74DD9191B784700384CFF /* Program.cpp */; };
		95F75080191B784900384CFF /* Shader.cpp in Sources */ = {isa = PBXBuildFile; fileRef = 95F74DDB191B784700384CFF /* Shader.cpp */; };
		95F75081191B784900384CFF /* Texture.cpp in Sources */ = {isa = PBXBuildFile; fileRef = 95F74DDD191B784700384CFF /* Texture.cpp */; };
		95F7508B191B7B9700384CFF /* OpenGL.framework in Frameworks */ = {isa = PBXBuildFile; fileRef = 95F7508A191B7B9700384CFF /* OpenGL.framework */; };
		95F7508D191B7BA800384CFF /* IOKit.framework in Frameworks */ = {isa = PBXBuildFile; fileRef = 95F7508C191B7BA800384CFF /* IOKit.framework */; };
		95F7508F191B7BB000384CFF /* Cocoa.framework in Frameworks */ = {isa = PBXBuildFile; fileRef = 95F7508E191B7BB000384CFF /* Cocoa.framework */; };
/* End PBXBuildFile section */

/* Begin PBXCopyFilesBuildPhase section */
		95F74DBD191B780000384CFF /* CopyFiles */ = {
			isa = PBXCopyFilesBuildPhase;
			buildActionMask = 12;
			dstPath = "";
			dstSubfolderSpec = 7;
			files = (
				95916812191B83D8001A0A44 /* wooden-crate.jpg in CopyFiles */,
				95916811191B83D5001A0A44 /* vertex-shader.txt in CopyFiles */,
				95916810191B83D1001A0A44 /* fragment-shader.txt in CopyFiles */,
			);
			runOnlyForDeploymentPostprocessing = 0;
		};
/* End PBXCopyFilesBuildPhase section */

/* Begin PBXFileReference section */
		9591680A191B8147001A0A44 /* libglfw.a */ = {isa = PBXFileReference; lastKnownFileType = archive.ar; name = libglfw.a; path = glfw/libglfw.a; sourceTree = "<group>"; };
		9591680E191B817C001A0A44 /* glew.c */ = {isa = PBXFileReference; fileEncoding = 4; lastKnownFileType = sourcecode.c.c; name = glew.c; path = glew/src/glew.c; sourceTree = "<group>"; };
		95916813191B89D9001A0A44 /* rangeterrain.h */ = {isa = PBXFileReference; lastKnownFileType = sourcecode.c.h; path = rangeterrain.h; sourceTree = "<group>"; };
		95916814191B92D6001A0A44 /* rangeterrain.cpp */ = {isa = PBXFileReference; fileEncoding = 4; lastKnownFileType = sourcecode.cpp.cpp; path = rangeterrain.cpp; sourceTree = "<group>"; };
		95F74DBF191B780000384CFF /* DGIProject */ = {isa = PBXFileReference; explicitFileType = "compiled.mach-o.executable"; includeInIndex = 0; path = DGIProject; sourceTree = BUILT_PRODUCTS_DIR; };
		95F74DCF191B784700384CFF /* fragment-shader.txt */ = {isa = PBXFileReference; fileEncoding = 4; lastKnownFileType = text; path = "fragment-shader.txt"; sourceTree = "<group>"; };
		95F74DD0191B784700384CFF /* vertex-shader.txt */ = {isa = PBXFileReference; fileEncoding = 4; lastKnownFileType = text; path = "vertex-shader.txt"; sourceTree = "<group>"; };
		95F74DD1191B784700384CFF /* wooden-crate.jpg */ = {isa = PBXFileReference; lastKnownFileType = image.jpeg; path = "wooden-crate.jpg"; sourceTree = "<group>"; };
		95F74DD3191B784700384CFF /* main.mm */ = {isa = PBXFileReference; fileEncoding = 4; lastKnownFileType = sourcecode.cpp.objcpp; path = main.mm; sourceTree = "<group>"; };
		95F74DD5191B784700384CFF /* Bitmap.cpp */ = {isa = PBXFileReference; fileEncoding = 4; lastKnownFileType = sourcecode.cpp.cpp; path = Bitmap.cpp; sourceTree = "<group>"; };
		95F74DD6191B784700384CFF /* Bitmap.h */ = {isa = PBXFileReference; fileEncoding = 4; lastKnownFileType = sourcecode.c.h; path = Bitmap.h; sourceTree = "<group>"; };
		95F74DD7191B784700384CFF /* Camera.cpp */ = {isa = PBXFileReference; fileEncoding = 4; lastKnownFileType = sourcecode.cpp.cpp; path = Camera.cpp; sourceTree = "<group>"; };
		95F74DD8191B784700384CFF /* Camera.h */ = {isa = PBXFileReference; fileEncoding = 4; lastKnownFileType = sourcecode.c.h; path = Camera.h; sourceTree = "<group>"; };
		95F74DD9191B784700384CFF /* Program.cpp */ = {isa = PBXFileReference; fileEncoding = 4; lastKnownFileType = sourcecode.cpp.cpp; path = Program.cpp; sourceTree = "<group>"; };
		95F74DDA191B784700384CFF /* Program.h */ = {isa = PBXFileReference; fileEncoding = 4; lastKnownFileType = sourcecode.c.h; path = Program.h; sourceTree = "<group>"; };
		95F74DDB191B784700384CFF /* Shader.cpp */ = {isa = PBXFileReference; fileEncoding = 4; lastKnownFileType = sourcecode.cpp.cpp; path = Shader.cpp; sourceTree = "<group>"; };
		95F74DDC191B784700384CFF /* Shader.h */ = {isa = PBXFileReference; fileEncoding = 4; lastKnownFileType = sourcecode.c.h; path = Shader.h; sourceTree = "<group>"; };
		95F74DDD191B784700384CFF /* Texture.cpp */ = {isa = PBXFileReference; fileEncoding = 4; lastKnownFileType = sourcecode.cpp.cpp; path = Texture.cpp; sourceTree = "<group>"; };
		95F74DDE191B784700384CFF /* Texture.h */ = {isa = PBXFileReference; fileEncoding = 4; lastKnownFileType = sourcecode.c.h; path = Texture.h; sourceTree = "<group>"; };
		95F7508A191B7B9700384CFF /* OpenGL.framework */ = {isa = PBXFileReference; lastKnownFileType = wrapper.framework; name = OpenGL.framework; path = System/Library/Frameworks/OpenGL.framework; sourceTree = SDKROOT; };
		95F7508C191B7BA800384CFF /* IOKit.framework */ = {isa = PBXFileReference; lastKnownFileType = wrapper.framework; name = IOKit.framework; path = System/Library/Frameworks/IOKit.framework; sourceTree = SDKROOT; };
		95F7508E191B7BB000384CFF /* Cocoa.framework */ = {isa = PBXFileReference; lastKnownFileType = wrapper.framework; name = Cocoa.framework; path = System/Library/Frameworks/Cocoa.framework; sourceTree = SDKROOT; };
/* End PBXFileReference section */

/* Begin PBXFrameworksBuildPhase section */
		95F74DBC191B780000384CFF /* Frameworks */ = {
			isa = PBXFrameworksBuildPhase;
			buildActionMask = 2147483647;
			files = (
				9591680B191B8147001A0A44 /* libglfw.a in Frameworks */,
				95F7508F191B7BB000384CFF /* Cocoa.framework in Frameworks */,
				95F7508D191B7BA800384CFF /* IOKit.framework in Frameworks */,
				95F7508B191B7B9700384CFF /* OpenGL.framework in Frameworks */,
			);
			runOnlyForDeploymentPostprocessing = 0;
		};
/* End PBXFrameworksBuildPhase section */

/* Begin PBXGroup section */
		95F74DB6191B780000384CFF = {
			isa = PBXGroup;
			children = (
				95F74DCE191B784700384CFF /* resources */,
				95F74DD2191B784700384CFF /* source */,
				95F74DDF191B784700384CFF /* thirdparty */,
				95F74DC0191B780000384CFF /* Products */,
			);
			sourceTree = "<group>";
		};
		95F74DC0191B780000384CFF /* Products */ = {
			isa = PBXGroup;
			children = (
				95F74DBF191B780000384CFF /* DGIProject */,
			);
			name = Products;
			sourceTree = "<group>";
		};
		95F74DCE191B784700384CFF /* resources */ = {
			isa = PBXGroup;
			children = (
				95F74DCF191B784700384CFF /* fragment-shader.txt */,
				95F74DD0191B784700384CFF /* vertex-shader.txt */,
				95F74DD1191B784700384CFF /* wooden-crate.jpg */,
			);
			path = resources;
			sourceTree = "<group>";
		};
		95F74DD2191B784700384CFF /* source */ = {
			isa = PBXGroup;
			children = (
				95F74DD3191B784700384CFF /* main.mm */,
				95916814191B92D6001A0A44 /* rangeterrain.cpp */,
				95916813191B89D9001A0A44 /* rangeterrain.h */,
				95F74DD4191B784700384CFF /* tdogl */,
			);
			path = source;
			sourceTree = "<group>";
		};
		95F74DD4191B784700384CFF /* tdogl */ = {
			isa = PBXGroup;
			children = (
				95F74DD5191B784700384CFF /* Bitmap.cpp */,
				95F74DD6191B784700384CFF /* Bitmap.h */,
				95F74DD7191B784700384CFF /* Camera.cpp */,
				95F74DD8191B784700384CFF /* Camera.h */,
				95F74DD9191B784700384CFF /* Program.cpp */,
				95F74DDA191B784700384CFF /* Program.h */,
				95F74DDB191B784700384CFF /* Shader.cpp */,
				95F74DDC191B784700384CFF /* Shader.h */,
				95F74DDD191B784700384CFF /* Texture.cpp */,
				95F74DDE191B784700384CFF /* Texture.h */,
			);
			path = tdogl;
			sourceTree = "<group>";
		};
		95F74DDF191B784700384CFF /* thirdparty */ = {
			isa = PBXGroup;
			children = (
				9591680E191B817C001A0A44 /* glew.c */,
				9591680A191B8147001A0A44 /* libglfw.a */,
				95F7508E191B7BB000384CFF /* Cocoa.framework */,
				95F7508C191B7BA800384CFF /* IOKit.framework */,
				95F7508A191B7B9700384CFF /* OpenGL.framework */,
			);
			path = thirdparty;
			sourceTree = "<group>";
		};
/* End PBXGroup section */

/* Begin PBXNativeTarget section */
		95F74DBE191B780000384CFF /* DGIProject */ = {
			isa = PBXNativeTarget;
			buildConfigurationList = 95F74DC8191B780000384CFF /* Build configuration list for PBXNativeTarget "DGIProject" */;
			buildPhases = (
				95F74DBB191B780000384CFF /* Sources */,
				95F74DBC191B780000384CFF /* Frameworks */,
				95F74DBD191B780000384CFF /* CopyFiles */,
			);
			buildRules = (
			);
			dependencies = (
			);
			name = DGIProject;
			productName = DGIProject;
			productReference = 95F74DBF191B780000384CFF /* DGIProject */;
			productType = "com.apple.product-type.tool";
		};
/* End PBXNativeTarget section */

/* Begin PBXProject section */
		95F74DB7191B780000384CFF /* Project object */ = {
			isa = PBXProject;
			attributes = {
				LastUpgradeCheck = 0510;
				ORGANIZATIONNAME = "___FULLUSERNAME___";
			};
			buildConfigurationList = 95F74DBA191B780000384CFF /* Build configuration list for PBXProject "DGIProject" */;
			compatibilityVersion = "Xcode 3.2";
			developmentRegion = English;
			hasScannedForEncodings = 0;
			knownRegions = (
				en,
			);
			mainGroup = 95F74DB6191B780000384CFF;
			productRefGroup = 95F74DC0191B780000384CFF /* Products */;
			projectDirPath = "";
			projectRoot = "";
			targets = (
				95F74DBE191B780000384CFF /* DGIProject */,
			);
		};
/* End PBXProject section */

/* Begin PBXSourcesBuildPhase section */
		95F74DBB191B780000384CFF /* Sources */ = {
			isa = PBXSourcesBuildPhase;
			buildActionMask = 2147483647;
			files = (
				95F7507F191B784900384CFF /* Program.cpp in Sources */,
				95F7507D191B784900384CFF /* Bitmap.cpp in Sources */,
				95F7507E191B784900384CFF /* Camera.cpp in Sources */,
				95916815191B92D6001A0A44 /* rangeterrain.cpp in Sources */,
				9591680F191B817C001A0A44 /* glew.c in Sources */,
				95F75081191B784900384CFF /* Texture.cpp in Sources */,
				95F7507C191B784900384CFF /* main.mm in Sources */,
				95F75080191B784900384CFF /* Shader.cpp in Sources */,
			);
			runOnlyForDeploymentPostprocessing = 0;
		};
/* End PBXSourcesBuildPhase section */

/* Begin XCBuildConfiguration section */
		95F74DC6191B780000384CFF /* Debug */ = {
			isa = XCBuildConfiguration;
			buildSettings = {
				ALWAYS_SEARCH_USER_PATHS = YES;
				CLANG_CXX_LANGUAGE_STANDARD = "gnu++0x";
				CLANG_CXX_LIBRARY = "libc++";
				CLANG_ENABLE_MODULES = NO;
				CLANG_ENABLE_OBJC_ARC = YES;
				CLANG_WARN_BOOL_CONVERSION = YES;
				CLANG_WARN_CONSTANT_CONVERSION = YES;
				CLANG_WARN_DIRECT_OBJC_ISA_USAGE = YES_ERROR;
				CLANG_WARN_EMPTY_BODY = YES;
				CLANG_WARN_ENUM_CONVERSION = YES;
				CLANG_WARN_INT_CONVERSION = YES;
				CLANG_WARN_OBJC_ROOT_CLASS = YES_ERROR;
				CLANG_WARN__DUPLICATE_METHOD_MATCH = YES;
				COPY_PHASE_STRIP = NO;
				GCC_C_LANGUAGE_STANDARD = gnu99;
				GCC_DYNAMIC_NO_PIC = NO;
				GCC_ENABLE_OBJC_EXCEPTIONS = YES;
				GCC_OPTIMIZATION_LEVEL = 0;
				GCC_PREPROCESSOR_DEFINITIONS = (
					"DEBUG=1",
					"$(inherited)",
				);
				GCC_SYMBOLS_PRIVATE_EXTERN = NO;
				GCC_WARN_64_TO_32_BIT_CONVERSION = YES;
				GCC_WARN_ABOUT_RETURN_TYPE = YES_ERROR;
				GCC_WARN_UNDECLARED_SELECTOR = YES;
				GCC_WARN_UNINITIALIZED_AUTOS = YES_AGGRESSIVE;
				GCC_WARN_UNUSED_FUNCTION = YES;
				GCC_WARN_UNUSED_VARIABLE = YES;
				HEADER_SEARCH_PATHS = (
					"$(inherited)",
					"\"$(PROJECT_DIR)/thirdparty\"/**",
				);
				LIBRARY_SEARCH_PATHS = "\"$(PROJECT_DIR)/thirdparty\"/**";
				MACOSX_DEPLOYMENT_TARGET = 10.9;
				ONLY_ACTIVE_ARCH = YES;
				SDKROOT = macosx;
			};
			name = Debug;
		};
		95F74DC7191B780000384CFF /* Release */ = {
			isa = XCBuildConfiguration;
			buildSettings = {
				ALWAYS_SEARCH_USER_PATHS = YES;
				CLANG_CXX_LANGUAGE_STANDARD = "gnu++0x";
				CLANG_CXX_LIBRARY = "libc++";
				CLANG_ENABLE_MODULES = NO;
				CLANG_ENABLE_OBJC_ARC = YES;
				CLANG_WARN_BOOL_CONVERSION = YES;
				CLANG_WARN_CONSTANT_CONVERSION = YES;
				CLANG_WARN_DIRECT_OBJC_ISA_USAGE = YES_ERROR;
				CLANG_WARN_EMPTY_BODY = YES;
				CLANG_WARN_ENUM_CONVERSION = YES;
				CLANG_WARN_INT_CONVERSION = YES;
				CLANG_WARN_OBJC_ROOT_CLASS = YES_ERROR;
				CLANG_WARN__DUPLICATE_METHOD_MATCH = YES;
				COPY_PHASE_STRIP = YES;
				DEBUG_INFORMATION_FORMAT = "dwarf-with-dsym";
				ENABLE_NS_ASSERTIONS = NO;
				GCC_C_LANGUAGE_STANDARD = gnu99;
				GCC_ENABLE_OBJC_EXCEPTIONS = YES;
				GCC_WARN_64_TO_32_BIT_CONVERSION = YES;
				GCC_WARN_ABOUT_RETURN_TYPE = YES_ERROR;
				GCC_WARN_UNDECLARED_SELECTOR = YES;
				GCC_WARN_UNINITIALIZED_AUTOS = YES_AGGRESSIVE;
				GCC_WARN_UNUSED_FUNCTION = YES;
				GCC_WARN_UNUSED_VARIABLE = YES;
				HEADER_SEARCH_PATHS = (
					"$(inherited)",
					"\"$(PROJECT_DIR)/thirdparty\"/**",
				);
				LIBRARY_SEARCH_PATHS = "\"$(PROJECT_DIR)/thirdparty\"/**";
				MACOSX_DEPLOYMENT_TARGET = 10.9;
				SDKROOT = macosx;
			};
			name = Release;
		};
		95F74DC9191B780000384CFF /* Debug */ = {
			isa = XCBuildConfiguration;
			buildSettings = {
				LIBRARY_SEARCH_PATHS = (
					"$(inherited)",
					"$(PROJECT_DIR)/thirdparty/glfw",
				);
				MACOSX_DEPLOYMENT_TARGET = 10.8;
				PRODUCT_NAME = "$(TARGET_NAME)";
			};
			name = Debug;
		};
		95F74DCA191B780000384CFF /* Release */ = {
			isa = XCBuildConfiguration;
			buildSettings = {
				LIBRARY_SEARCH_PATHS = (
					"$(inherited)",
					"$(PROJECT_DIR)/thirdparty/glfw",
				);
				MACOSX_DEPLOYMENT_TARGET = 10.8;
				PRODUCT_NAME = "$(TARGET_NAME)";
			};
			name = Release;
		};
/* End XCBuildConfiguration section */

/* Begin XCConfigurationList section */
		95F74DBA191B780000384CFF /* Build configuration list for PBXProject "DGIProject" */ = {
			isa = XCConfigurationList;
			buildConfigurations = (
				95F74DC6191B780000384CFF /* Debug */,
				95F74DC7191B780000384CFF /* Release */,
			);
			defaultConfigurationIsVisible = 0;
			defaultConfigurationName = Release;
		};
		95F74DC8191B780000384CFF /* Build configuration list for PBXNativeTarget "DGIProject" */ = {
			isa = XCConfigurationList;
			buildConfigurations = (
				95F74DC9191B780000384CFF /* Debug */,
				95F74DCA191B780000384CFF /* Release */,
			);
			defaultConfigurationIsVisible = 0;
			defaultConfigurationName = Release;
		};
/* End XCConfigurationList section */
	};
	rootObject = 95F74DB7191B780000384CFF /* Project object */;
}
